{
  "name": "cut-img-to-4-pieces",
  "version": "1.0.0",
  "lockfileVersion": 1,
  "requires": true,
  "dependencies": {
    "css3transform": {
      "version": "1.2.1",
      "resolved": "https://registry.npmjs.org/css3transform/-/css3transform-1.2.1.tgz",
      "integrity": "sha512-wWfg+xBV3RfCFz+Io8XQcrTOctgMFT+zxJDLreDslEO1cpkwqH1ip7Ai+vbhpJ4utU1ll7GuLa4YD7Qbn3qI8A=="
    }
  }
}
